
Microsoft Visual Studio Solution File, Format Version 12.00
# Visual Studio Version 17
VisualStudioVersion = 17.11.35222.181
MinimumVisualStudioVersion = 10.0.40219.1
Project("{FAE04EC0-301F-11D3-BF4B-00C04F79EFBC}") = "Cwiczenia1", "Cwiczenia1\Cwiczenia1.csproj", "{DC256B1A-5169-436D-9389-6DD8AB4C6963}"
EndProject
Global
	GlobalSection(SolutionConfigurationPlatforms) = preSolution
		Debug|Any CPU = Debug|Any CPU
		Release|Any CPU = Release|Any CPU
	EndGlobalSection
	GlobalSection(ProjectConfigurationPlatforms) = postSolution
		{DC256B1A-5169-436D-9389-6DD8AB4C6963}.Debug|Any CPU.ActiveCfg = Debug|Any CPU
		{DC256B1A-5169-436D-9389-6DD8AB4C6963}.Debug|Any CPU.Build.0 = Debug|Any CPU
		{DC256B1A-5169-436D-9389-6DD8AB4C6963}.Release|Any CPU.ActiveCfg = Release|Any CPU
		{DC256B1A-5169-436D-9389-6DD8AB4C6963}.Release|Any CPU.Build.0 = Release|Any CPU
	EndGlobalSection
	GlobalSection(SolutionProperties) = preSolution
		HideSolutionNode = FALSE
	EndGlobalSection
	GlobalSection(ExtensibilityGlobals) = postSolution
		SolutionGuid = {EA754CF9-9E67-48CC-BD7F-6FA4B04E6F5D}
	EndGlobalSection
EndGlobal
